# This file is automatically @generated by Cargo.
# It is not intended for manual editing.
version = 4

[[package]]
name = "pixlay"
version = "0.1.0"

[[package]]
name = "pixlay-cli"
version = "0.1.0"

[[package]]
name = "pixlay-core"
version = "0.1.0"

[[package]]
name = "pixlay-imaging"
version = "0.1.0"

[[package]]
name = "pixlay-render"
version = "0.1.0"
